{
  "name": "test",
  "version": "1.0.0",
  "lockfileVersion": 2,
  "requires": true,
  "packages": {
    "": {
      "name": "test",
      "version": "1.0.0",
      "license": "ISC",
      "dependencies": {
        "marked": "^3.0.3"
      }
    },
    "node_modules/marked": {
      "version": "3.0.3",
      "resolved": "https://registry.npmjs.org/marked/-/marked-3.0.3.tgz",
      "integrity": "sha512-4oIDhVSQ2s+xNCfek9OnZgCQR/WykGCom02JzIIvi4Pme+MIwPYqvGVW8CQWOXeoZu0TtVB6pTxIuoLm+dKqDA==",
      "bin": {
        "marked": "bin/marked"
      },
      "engines": {
        "node": ">= 12"
      }
    }
  },
  "dependencies": {
    "marked": {
      "version": "3.0.3",
      "resolved": "https://registry.npmjs.org/marked/-/marked-3.0.3.tgz",
      "integrity": "sha512-4oIDhVSQ2s+xNCfek9OnZgCQR/WykGCom02JzIIvi4Pme+MIwPYqvGVW8CQWOXeoZu0TtVB6pTxIuoLm+dKqDA=="
    }
  }
}
